
Microsoft Visual Studio Solution File, Format Version 12.00
# Visual Studio 2015
Project("{FAE04EC0-301F-11D3-BF4B-00C04F79EFBC}") = "RogueLikeUnity.Plugins", "RogueLikeUnity.Plugins.csproj", "{36DBEFF1-FCD9-3A93-15E0-B5F6B63E4ED2}"
EndProject
Project("{FAE04EC0-301F-11D3-BF4B-00C04F79EFBC}") = "RogueLikeUnity", "RogueLikeUnity.csproj", "{187BD286-623A-4170-5AD5-964F2325AB37}"
EndProject
Project("{FAE04EC0-301F-11D3-BF4B-00C04F79EFBC}") = "RogueLikeUnity.Editor.Plugins", "RogueLikeUnity.Editor.Plugins.csproj", "{AF63546B-956A-AEB4-ADE2-3212946E5381}"
EndProject
Project("{FAE04EC0-301F-11D3-BF4B-00C04F79EFBC}") = "RogueLikeUnity.Editor", "RogueLikeUnity.Editor.csproj", "{D581B580-569D-3305-8ED4-BCCFBFBEC099}"
EndProject
Global
	GlobalSection(SolutionConfigurationPlatforms) = preSolution
		Debug|Any CPU = Debug|Any CPU
		Release|Any CPU = Release|Any CPU
	EndGlobalSection
	GlobalSection(ProjectConfigurationPlatforms) = postSolution
		{36DBEFF1-FCD9-3A93-15E0-B5F6B63E4ED2}.Debug|Any CPU.ActiveCfg = Debug|Any CPU
		{36DBEFF1-FCD9-3A93-15E0-B5F6B63E4ED2}.Debug|Any CPU.Build.0 = Debug|Any CPU
		{36DBEFF1-FCD9-3A93-15E0-B5F6B63E4ED2}.Release|Any CPU.ActiveCfg = Release|Any CPU
		{36DBEFF1-FCD9-3A93-15E0-B5F6B63E4ED2}.Release|Any CPU.Build.0 = Release|Any CPU
		{187BD286-623A-4170-5AD5-964F2325AB37}.Debug|Any CPU.ActiveCfg = Debug|Any CPU
		{187BD286-623A-4170-5AD5-964F2325AB37}.Debug|Any CPU.Build.0 = Debug|Any CPU
		{187BD286-623A-4170-5AD5-964F2325AB37}.Release|Any CPU.ActiveCfg = Release|Any CPU
		{187BD286-623A-4170-5AD5-964F2325AB37}.Release|Any CPU.Build.0 = Release|Any CPU
		{AF63546B-956A-AEB4-ADE2-3212946E5381}.Debug|Any CPU.ActiveCfg = Debug|Any CPU
		{AF63546B-956A-AEB4-ADE2-3212946E5381}.Debug|Any CPU.Build.0 = Debug|Any CPU
		{AF63546B-956A-AEB4-ADE2-3212946E5381}.Release|Any CPU.ActiveCfg = Release|Any CPU
		{AF63546B-956A-AEB4-ADE2-3212946E5381}.Release|Any CPU.Build.0 = Release|Any CPU
		{D581B580-569D-3305-8ED4-BCCFBFBEC099}.Debug|Any CPU.ActiveCfg = Debug|Any CPU
		{D581B580-569D-3305-8ED4-BCCFBFBEC099}.Debug|Any CPU.Build.0 = Debug|Any CPU
		{D581B580-569D-3305-8ED4-BCCFBFBEC099}.Release|Any CPU.ActiveCfg = Release|Any CPU
		{D581B580-569D-3305-8ED4-BCCFBFBEC099}.Release|Any CPU.Build.0 = Release|Any CPU
	EndGlobalSection
	GlobalSection(SolutionProperties) = preSolution
		HideSolutionNode = FALSE
	EndGlobalSection
EndGlobal
